
Microsoft Visual Studio Solution File, Format Version 12.00
# Visual Studio Version 16
VisualStudioVersion = 16.0.31702.278
MinimumVisualStudioVersion = 10.0.40219.1
Project("{FAE04EC0-301F-11D3-BF4B-00C04F79EFBC}") = "sixteen-template-19.12.2021", "sixteen-template-19.12.2021\sixteen-template-19.12.2021.csproj", "{3AC8E645-0DB7-4E60-ACC7-935840CEA5D8}"
EndProject
Global
	GlobalSection(SolutionConfigurationPlatforms) = preSolution
		Debug|Any CPU = Debug|Any CPU
		Release|Any CPU = Release|Any CPU
	EndGlobalSection
	GlobalSection(ProjectConfigurationPlatforms) = postSolution
		{3AC8E645-0DB7-4E60-ACC7-935840CEA5D8}.Debug|Any CPU.ActiveCfg = Debug|Any CPU
		{3AC8E645-0DB7-4E60-ACC7-935840CEA5D8}.Debug|Any CPU.Build.0 = Debug|Any CPU
		{3AC8E645-0DB7-4E60-ACC7-935840CEA5D8}.Release|Any CPU.ActiveCfg = Release|Any CPU
		{3AC8E645-0DB7-4E60-ACC7-935840CEA5D8}.Release|Any CPU.Build.0 = Release|Any CPU
	EndGlobalSection
	GlobalSection(SolutionProperties) = preSolution
		HideSolutionNode = FALSE
	EndGlobalSection
	GlobalSection(ExtensibilityGlobals) = postSolution
		SolutionGuid = {5FA0368F-0726-4664-B1FC-6475A44B1A71}
	EndGlobalSection
EndGlobal
